{
  "originHash" : "56991a4521ba2652d46c5d10f14d08cfe44d7864434757322d87e6d1c3521701",
  "pins" : [
    {
      "identity" : "swiftui-view-testing",
      "kind" : "remoteSourceControl",
      "location" : "https://github.com/sisoje/swiftui-view-testing",
      "state" : {
        "revision" : "4b581deddc7a69301bf951a7e6ae56f0f38caea1",
        "version" : "0.1.0"
      }
    }
  ],
  "version" : 3
}
